
Microsoft Visual Studio Solution File, Format Version 12.00
# Visual Studio Version 16
VisualStudioVersion = 16.0.30523.141
MinimumVisualStudioVersion = 10.0.40219.1
Project("{9A19103F-16F7-4668-BE54-9A1E7A4F7556}") = "Paper", "Paper.csproj", "{77317A71-8068-4468-BDFD-E3CF34B21FBD}"
EndProject
Global
	GlobalSection(SolutionConfigurationPlatforms) = preSolution
		Debug|Any CPU = Debug|Any CPU
		Debug|x64 = Debug|x64
		Release|Any CPU = Release|Any CPU
		Release|x64 = Release|x64
	EndGlobalSection
	GlobalSection(ProjectConfigurationPlatforms) = postSolution
		{77317A71-8068-4468-BDFD-E3CF34B21FBD}.Debug|Any CPU.ActiveCfg = Debug|Any CPU
		{77317A71-8068-4468-BDFD-E3CF34B21FBD}.Debug|Any CPU.Build.0 = Debug|Any CPU
		{77317A71-8068-4468-BDFD-E3CF34B21FBD}.Debug|x64.ActiveCfg = Debug|x64
		{77317A71-8068-4468-BDFD-E3CF34B21FBD}.Debug|x64.Build.0 = Debug|x64
		{77317A71-8068-4468-BDFD-E3CF34B21FBD}.Release|Any CPU.ActiveCfg = Release|Any CPU
		{77317A71-8068-4468-BDFD-E3CF34B21FBD}.Release|Any CPU.Build.0 = Release|Any CPU
		{77317A71-8068-4468-BDFD-E3CF34B21FBD}.Release|x64.ActiveCfg = Release|x64
		{77317A71-8068-4468-BDFD-E3CF34B21FBD}.Release|x64.Build.0 = Release|x64
	EndGlobalSection
	GlobalSection(SolutionProperties) = preSolution
		HideSolutionNode = FALSE
	EndGlobalSection
	GlobalSection(ExtensibilityGlobals) = postSolution
		SolutionGuid = {7EF2982C-C2CC-4B65-A77A-357894168B20}
	EndGlobalSection
EndGlobal
